{
  "name": "@tonywied17/zero-query",
  "version": "0.3.8",
  "lockfileVersion": 3,
  "requires": true,
  "packages": {
    "": {
      "name": "@tonywied17/zero-query",
      "version": "0.3.8",
      "license": "MIT",
      "devDependencies": {
        "zero-http": "^0.2.3"
      }
    },
    "node_modules/zero-http": {
      "version": "0.2.3",
      "resolved": "https://registry.npmjs.org/zero-http/-/zero-http-0.2.3.tgz",
      "integrity": "sha512-/SLp6B/orU03Nr01faIZihBvaov8K6oySbxpyJUbtXR0pGwGOfX60NPrEOEYFBpMYZXK4CKjPm2hOB4a8ZHHGA==",
      "dev": true,
      "license": "MIT",
      "engines": {
        "node": ">=14.0.0"
      }
    }
  }
}
